// !$*UTF8*$!
{
	archiveVersion = 1;
	classes = {
	};
	objectVersion = 56;
	objects = {

/* Begin PBXBuildFile section */
		9B937B392CC8477400D7C74C /* SolitaireApp.swift in Sources */ = {isa = PBXBuildFile; fileRef = 9B937B382CC8477400D7C74C /* SolitaireApp.swift */; };
		9B937B3B2CC8477400D7C74C /* ContentView.swift in Sources */ = {isa = PBXBuildFile; fileRef = 9B937B3A2CC8477400D7C74C /* ContentView.swift */; };
		9B937B3D2CC8477500D7C74C /* Assets.xcassets in Resources */ = {isa = PBXBuildFile; fileRef = 9B937B3C2CC8477500D7C74C /* Assets.xcassets */; };
		9B937B402CC8477500D7C74C /* Preview Assets.xcassets in Resources */ = {isa = PBXBuildFile; fileRef = 9B937B3F2CC8477500D7C74C /* Preview Assets.xcassets */; };
		9B937B4A2CC8477500D7C74C /* FreeCellSolitareTest.swift in Sources */ = {isa = PBXBuildFile; fileRef = 9B937B492CC8477500D7C74C /* FreeCellSolitareTest.swift */; };
		9B937B542CC8477500D7C74C /* SolitaireUITests.swift in Sources */ = {isa = PBXBuildFile; fileRef = 9B937B532CC8477500D7C74C /* SolitaireUITests.swift */; };
		9B937B562CC8477500D7C74C /* SolitaireUITestsLaunchTests.swift in Sources */ = {isa = PBXBuildFile; fileRef = 9B937B552CC8477500D7C74C /* SolitaireUITestsLaunchTests.swift */; };
		9B937B652CC8481D00D7C74C /* Card.swift in Sources */ = {isa = PBXBuildFile; fileRef = 9B937B642CC8481D00D7C74C /* Card.swift */; };
		9B937B6A2CC8488E00D7C74C /* SolitareSolver.swift in Sources */ = {isa = PBXBuildFile; fileRef = 9B937B692CC8488E00D7C74C /* SolitareSolver.swift */; };
		9B937B6C2CC84B1800D7C74C /* BoardBuilder.swift in Sources */ = {isa = PBXBuildFile; fileRef = 9B937B6B2CC84B1800D7C74C /* BoardBuilder.swift */; };
		9B937B6E2CC84C3E00D7C74C /* README.md in Resources */ = {isa = PBXBuildFile; fileRef = 9B937B6D2CC84C3E00D7C74C /* README.md */; };
/* End PBXBuildFile section */

/* Begin PBXContainerItemProxy section */
		9B937B462CC8477500D7C74C /* PBXContainerItemProxy */ = {
			isa = PBXContainerItemProxy;
			containerPortal = 9B937B2D2CC8477400D7C74C /* Project object */;
			proxyType = 1;
			remoteGlobalIDString = 9B937B342CC8477400D7C74C;
			remoteInfo = Solitaire;
		};
		9B937B502CC8477500D7C74C /* PBXContainerItemProxy */ = {
			isa = PBXContainerItemProxy;
			containerPortal = 9B937B2D2CC8477400D7C74C /* Project object */;
			proxyType = 1;
			remoteGlobalIDString = 9B937B342CC8477400D7C74C;
			remoteInfo = Solitaire;
		};
/* End PBXContainerItemProxy section */

/* Begin PBXFileReference section */
		9B937B352CC8477400D7C74C /* Solitaire.app */ = {isa = PBXFileReference; explicitFileType = wrapper.application; includeInIndex = 0; path = Solitaire.app; sourceTree = BUILT_PRODUCTS_DIR; };
		9B937B382CC8477400D7C74C /* SolitaireApp.swift */ = {isa = PBXFileReference; lastKnownFileType = sourcecode.swift; path = SolitaireApp.swift; sourceTree = "<group>"; };
		9B937B3A2CC8477400D7C74C /* ContentView.swift */ = {isa = PBXFileReference; lastKnownFileType = sourcecode.swift; path = ContentView.swift; sourceTree = "<group>"; };
		9B937B3C2CC8477500D7C74C /* Assets.xcassets */ = {isa = PBXFileReference; lastKnownFileType = folder.assetcatalog; path = Assets.xcassets; sourceTree = "<group>"; };
		9B937B3F2CC8477500D7C74C /* Preview Assets.xcassets */ = {isa = PBXFileReference; lastKnownFileType = folder.assetcatalog; path = "Preview Assets.xcassets"; sourceTree = "<group>"; };
		9B937B452CC8477500D7C74C /* SolitaireTests.xctest */ = {isa = PBXFileReference; explicitFileType = wrapper.cfbundle; includeInIndex = 0; path = SolitaireTests.xctest; sourceTree = BUILT_PRODUCTS_DIR; };
		9B937B492CC8477500D7C74C /* FreeCellSolitareTest.swift */ = {isa = PBXFileReference; lastKnownFileType = sourcecode.swift; path = FreeCellSolitareTest.swift; sourceTree = "<group>"; };
		9B937B4F2CC8477500D7C74C /* SolitaireUITests.xctest */ = {isa = PBXFileReference; explicitFileType = wrapper.cfbundle; includeInIndex = 0; path = SolitaireUITests.xctest; sourceTree = BUILT_PRODUCTS_DIR; };
		9B937B532CC8477500D7C74C /* SolitaireUITests.swift */ = {isa = PBXFileReference; lastKnownFileType = sourcecode.swift; path = SolitaireUITests.swift; sourceTree = "<group>"; };
		9B937B552CC8477500D7C74C /* SolitaireUITestsLaunchTests.swift */ = {isa = PBXFileReference; lastKnownFileType = sourcecode.swift; path = SolitaireUITestsLaunchTests.swift; sourceTree = "<group>"; };
		9B937B642CC8481D00D7C74C /* Card.swift */ = {isa = PBXFileReference; lastKnownFileType = sourcecode.swift; path = Card.swift; sourceTree = "<group>"; };
		9B937B692CC8488E00D7C74C /* SolitareSolver.swift */ = {isa = PBXFileReference; lastKnownFileType = sourcecode.swift; path = SolitareSolver.swift; sourceTree = "<group>"; };
		9B937B6B2CC84B1800D7C74C /* BoardBuilder.swift */ = {isa = PBXFileReference; lastKnownFileType = sourcecode.swift; path = BoardBuilder.swift; sourceTree = "<group>"; };
		9B937B6D2CC84C3E00D7C74C /* README.md */ = {isa = PBXFileReference; fileEncoding = 4; lastKnownFileType = net.daringfireball.markdown; path = README.md; sourceTree = "<group>"; };
/* End PBXFileReference section */

/* Begin PBXFrameworksBuildPhase section */
		9B937B322CC8477400D7C74C /* Frameworks */ = {
			isa = PBXFrameworksBuildPhase;
			buildActionMask = 2147483647;
			files = (
			);
			runOnlyForDeploymentPostprocessing = 0;
		};
		9B937B422CC8477500D7C74C /* Frameworks */ = {
			isa = PBXFrameworksBuildPhase;
			buildActionMask = 2147483647;
			files = (
			);
			runOnlyForDeploymentPostprocessing = 0;
		};
		9B937B4C2CC8477500D7C74C /* Frameworks */ = {
			isa = PBXFrameworksBuildPhase;
			buildActionMask = 2147483647;
			files = (
			);
			runOnlyForDeploymentPostprocessing = 0;
		};
/* End PBXFrameworksBuildPhase section */

/* Begin PBXGroup section */
		9B937B2C2CC8477400D7C74C = {
			isa = PBXGroup;
			children = (
				9B937B6D2CC84C3E00D7C74C /* README.md */,
				9B937B372CC8477400D7C74C /* Solitaire */,
				9B937B482CC8477500D7C74C /* SolitaireTests */,
				9B937B522CC8477500D7C74C /* SolitaireUITests */,
				9B937B362CC8477400D7C74C /* Products */,
			);
			sourceTree = "<group>";
		};
		9B937B362CC8477400D7C74C /* Products */ = {
			isa = PBXGroup;
			children = (
				9B937B352CC8477400D7C74C /* Solitaire.app */,
				9B937B452CC8477500D7C74C /* SolitaireTests.xctest */,
				9B937B4F2CC8477500D7C74C /* SolitaireUITests.xctest */,
			);
			name = Products;
			sourceTree = "<group>";
		};
		9B937B372CC8477400D7C74C /* Solitaire */ = {
			isa = PBXGroup;
			children = (
				9B937B382CC8477400D7C74C /* SolitaireApp.swift */,
				9B937B3A2CC8477400D7C74C /* ContentView.swift */,
				9B937B642CC8481D00D7C74C /* Card.swift */,
				9B937B6B2CC84B1800D7C74C /* BoardBuilder.swift */,
				9B937B692CC8488E00D7C74C /* SolitareSolver.swift */,
				9B937B3C2CC8477500D7C74C /* Assets.xcassets */,
				9B937B3E2CC8477500D7C74C /* Preview Content */,
			);
			path = Solitaire;
			sourceTree = "<group>";
		};
		9B937B3E2CC8477500D7C74C /* Preview Content */ = {
			isa = PBXGroup;
			children = (
				9B937B3F2CC8477500D7C74C /* Preview Assets.xcassets */,
			);
			path = "Preview Content";
			sourceTree = "<group>";
		};
		9B937B482CC8477500D7C74C /* SolitaireTests */ = {
			isa = PBXGroup;
			children = (
				9B937B492CC8477500D7C74C /* FreeCellSolitareTest.swift */,
			);
			path = SolitaireTests;
			sourceTree = "<group>";
		};
		9B937B522CC8477500D7C74C /* SolitaireUITests */ = {
			isa = PBXGroup;
			children = (
				9B937B532CC8477500D7C74C /* SolitaireUITests.swift */,
				9B937B552CC8477500D7C74C /* SolitaireUITestsLaunchTests.swift */,
			);
			path = SolitaireUITests;
			sourceTree = "<group>";
		};
/* End PBXGroup section */

/* Begin PBXNativeTarget section */
		9B937B342CC8477400D7C74C /* Solitaire */ = {
			isa = PBXNativeTarget;
			buildConfigurationList = 9B937B592CC8477500D7C74C /* Build configuration list for PBXNativeTarget "Solitaire" */;
			buildPhases = (
				9B937B312CC8477400D7C74C /* Sources */,
				9B937B322CC8477400D7C74C /* Frameworks */,
				9B937B332CC8477400D7C74C /* Resources */,
			);
			buildRules = (
			);
			dependencies = (
			);
			name = Solitaire;
			productName = Solitaire;
			productReference = 9B937B352CC8477400D7C74C /* Solitaire.app */;
			productType = "com.apple.product-type.application";
		};
		9B937B442CC8477500D7C74C /* SolitaireTests */ = {
			isa = PBXNativeTarget;
			buildConfigurationList = 9B937B5C2CC8477500D7C74C /* Build configuration list for PBXNativeTarget "SolitaireTests" */;
			buildPhases = (
				9B937B412CC8477500D7C74C /* Sources */,
				9B937B422CC8477500D7C74C /* Frameworks */,
				9B937B432CC8477500D7C74C /* Resources */,
			);
			buildRules = (
			);
			dependencies = (
				9B937B472CC8477500D7C74C /* PBXTargetDependency */,
			);
			name = SolitaireTests;
			productName = SolitaireTests;
			productReference = 9B937B452CC8477500D7C74C /* SolitaireTests.xctest */;
			productType = "com.apple.product-type.bundle.unit-test";
		};
		9B937B4E2CC8477500D7C74C /* SolitaireUITests */ = {
			isa = PBXNativeTarget;
			buildConfigurationList = 9B937B5F2CC8477500D7C74C /* Build configuration list for PBXNativeTarget "SolitaireUITests" */;
			buildPhases = (
				9B937B4B2CC8477500D7C74C /* Sources */,
				9B937B4C2CC8477500D7C74C /* Frameworks */,
				9B937B4D2CC8477500D7C74C /* Resources */,
			);
			buildRules = (
			);
			dependencies = (
				9B937B512CC8477500D7C74C /* PBXTargetDependency */,
			);
			name = SolitaireUITests;
			productName = SolitaireUITests;
			productReference = 9B937B4F2CC8477500D7C74C /* SolitaireUITests.xctest */;
			productType = "com.apple.product-type.bundle.ui-testing";
		};
/* End PBXNativeTarget section */

/* Begin PBXProject section */
		9B937B2D2CC8477400D7C74C /* Project object */ = {
			isa = PBXProject;
			attributes = {
				BuildIndependentTargetsInParallel = 1;
				LastSwiftUpdateCheck = 1540;
				LastUpgradeCheck = 1540;
				TargetAttributes = {
					9B937B342CC8477400D7C74C = {
						CreatedOnToolsVersion = 15.4;
					};
					9B937B442CC8477500D7C74C = {
						CreatedOnToolsVersion = 15.4;
						TestTargetID = 9B937B342CC8477400D7C74C;
					};
					9B937B4E2CC8477500D7C74C = {
						CreatedOnToolsVersion = 15.4;
						TestTargetID = 9B937B342CC8477400D7C74C;
					};
				};
			};
			buildConfigurationList = 9B937B302CC8477400D7C74C /* Build configuration list for PBXProject "Solitaire" */;
			compatibilityVersion = "Xcode 14.0";
			developmentRegion = en;
			hasScannedForEncodings = 0;
			knownRegions = (
				en,
				Base,
			);
			mainGroup = 9B937B2C2CC8477400D7C74C;
			productRefGroup = 9B937B362CC8477400D7C74C /* Products */;
			projectDirPath = "";
			projectRoot = "";
			targets = (
				9B937B342CC8477400D7C74C /* Solitaire */,
				9B937B442CC8477500D7C74C /* SolitaireTests */,
				9B937B4E2CC8477500D7C74C /* SolitaireUITests */,
			);
		};
/* End PBXProject section */

/* Begin PBXResourcesBuildPhase section */
		9B937B332CC8477400D7C74C /* Resources */ = {
			isa = PBXResourcesBuildPhase;
			buildActionMask = 2147483647;
			files = (
				9B937B6E2CC84C3E00D7C74C /* README.md in Resources */,
				9B937B402CC8477500D7C74C /* Preview Assets.xcassets in Resources */,
				9B937B3D2CC8477500D7C74C /* Assets.xcassets in Resources */,
			);
			runOnlyForDeploymentPostprocessing = 0;
		};
		9B937B432CC8477500D7C74C /* Resources */ = {
			isa = PBXResourcesBuildPhase;
			buildActionMask = 2147483647;
			files = (
			);
			runOnlyForDeploymentPostprocessing = 0;
		};
		9B937B4D2CC8477500D7C74C /* Resources */ = {
			isa = PBXResourcesBuildPhase;
			buildActionMask = 2147483647;
			files = (
			);
			runOnlyForDeploymentPostprocessing = 0;
		};
/* End PBXResourcesBuildPhase section */

/* Begin PBXSourcesBuildPhase section */
		9B937B312CC8477400D7C74C /* Sources */ = {
			isa = PBXSourcesBuildPhase;
			buildActionMask = 2147483647;
			files = (
				9B937B3B2CC8477400D7C74C /* ContentView.swift in Sources */,
				9B937B6A2CC8488E00D7C74C /* SolitareSolver.swift in Sources */,
				9B937B652CC8481D00D7C74C /* Card.swift in Sources */,
				9B937B6C2CC84B1800D7C74C /* BoardBuilder.swift in Sources */,
				9B937B392CC8477400D7C74C /* SolitaireApp.swift in Sources */,
			);
			runOnlyForDeploymentPostprocessing = 0;
		};
		9B937B412CC8477500D7C74C /* Sources */ = {
			isa = PBXSourcesBuildPhase;
			buildActionMask = 2147483647;
			files = (
				9B937B4A2CC8477500D7C74C /* FreeCellSolitareTest.swift in Sources */,
			);
			runOnlyForDeploymentPostprocessing = 0;
		};
		9B937B4B2CC8477500D7C74C /* Sources */ = {
			isa = PBXSourcesBuildPhase;
			buildActionMask = 2147483647;
			files = (
				9B937B542CC8477500D7C74C /* SolitaireUITests.swift in Sources */,
				9B937B562CC8477500D7C74C /* SolitaireUITestsLaunchTests.swift in Sources */,
			);
			runOnlyForDeploymentPostprocessing = 0;
		};
/* End PBXSourcesBuildPhase section */

/* Begin PBXTargetDependency section */
		9B937B472CC8477500D7C74C /* PBXTargetDependency */ = {
			isa = PBXTargetDependency;
			target = 9B937B342CC8477400D7C74C /* Solitaire */;
			targetProxy = 9B937B462CC8477500D7C74C /* PBXContainerItemProxy */;
		};
		9B937B512CC8477500D7C74C /* PBXTargetDependency */ = {
			isa = PBXTargetDependency;
			target = 9B937B342CC8477400D7C74C /* Solitaire */;
			targetProxy = 9B937B502CC8477500D7C74C /* PBXContainerItemProxy */;
		};
/* End PBXTargetDependency section */

/* Begin XCBuildConfiguration section */
		9B937B572CC8477500D7C74C /* Debug */ = {
			isa = XCBuildConfiguration;
			buildSettings = {
				ALWAYS_SEARCH_USER_PATHS = NO;
				ASSETCATALOG_COMPILER_GENERATE_SWIFT_ASSET_SYMBOL_EXTENSIONS = YES;
				CLANG_ANALYZER_NONNULL = YES;
				CLANG_ANALYZER_NUMBER_OBJECT_CONVERSION = YES_AGGRESSIVE;
				CLANG_CXX_LANGUAGE_STANDARD = "gnu++20";
				CLANG_ENABLE_MODULES = YES;
				CLANG_ENABLE_OBJC_ARC = YES;
				CLANG_ENABLE_OBJC_WEAK = YES;
				CLANG_WARN_BLOCK_CAPTURE_AUTORELEASING = YES;
				CLANG_WARN_BOOL_CONVERSION = YES;
				CLANG_WARN_COMMA = YES;
				CLANG_WARN_CONSTANT_CONVERSION = YES;
				CLANG_WARN_DEPRECATED_OBJC_IMPLEMENTATIONS = YES;
				CLANG_WARN_DIRECT_OBJC_ISA_USAGE = YES_ERROR;
				CLANG_WARN_DOCUMENTATION_COMMENTS = YES;
				CLANG_WARN_EMPTY_BODY = YES;
				CLANG_WARN_ENUM_CONVERSION = YES;
				CLANG_WARN_INFINITE_RECURSION = YES;
				CLANG_WARN_INT_CONVERSION = YES;
				CLANG_WARN_NON_LITERAL_NULL_CONVERSION = YES;
				CLANG_WARN_OBJC_IMPLICIT_RETAIN_SELF = YES;
				CLANG_WARN_OBJC_LITERAL_CONVERSION = YES;
				CLANG_WARN_OBJC_ROOT_CLASS = YES_ERROR;
				CLANG_WARN_QUOTED_INCLUDE_IN_FRAMEWORK_HEADER = YES;
				CLANG_WARN_RANGE_LOOP_ANALYSIS = YES;
				CLANG_WARN_STRICT_PROTOTYPES = YES;
				CLANG_WARN_SUSPICIOUS_MOVE = YES;
				CLANG_WARN_UNGUARDED_AVAILABILITY = YES_AGGRESSIVE;
				CLANG_WARN_UNREACHABLE_CODE = YES;
				CLANG_WARN__DUPLICATE_METHOD_MATCH = YES;
				COPY_PHASE_STRIP = NO;
				DEBUG_INFORMATION_FORMAT = dwarf;
				ENABLE_STRICT_OBJC_MSGSEND = YES;
				ENABLE_TESTABILITY = YES;
				ENABLE_USER_SCRIPT_SANDBOXING = YES;
				GCC_C_LANGUAGE_STANDARD = gnu17;
				GCC_DYNAMIC_NO_PIC = NO;
				GCC_NO_COMMON_BLOCKS = YES;
				GCC_OPTIMIZATION_LEVEL = 0;
				GCC_PREPROCESSOR_DEFINITIONS = (
					"DEBUG=1",
					"$(inherited)",
				);
				GCC_WARN_64_TO_32_BIT_CONVERSION = YES;
				GCC_WARN_ABOUT_RETURN_TYPE = YES_ERROR;
				GCC_WARN_UNDECLARED_SELECTOR = YES;
				GCC_WARN_UNINITIALIZED_AUTOS = YES_AGGRESSIVE;
				GCC_WARN_UNUSED_FUNCTION = YES;
				GCC_WARN_UNUSED_VARIABLE = YES;
				IPHONEOS_DEPLOYMENT_TARGET = 17.5;
				LOCALIZATION_PREFERS_STRING_CATALOGS = YES;
				MTL_ENABLE_DEBUG_INFO = INCLUDE_SOURCE;
				MTL_FAST_MATH = YES;
				ONLY_ACTIVE_ARCH = YES;
				SDKROOT = iphoneos;
				SWIFT_ACTIVE_COMPILATION_CONDITIONS = "DEBUG $(inherited)";
				SWIFT_OPTIMIZATION_LEVEL = "-Onone";
			};
			name = Debug;
		};
		9B937B582CC8477500D7C74C /* Release */ = {
			isa = XCBuildConfiguration;
			buildSettings = {
				ALWAYS_SEARCH_USER_PATHS = NO;
				ASSETCATALOG_COMPILER_GENERATE_SWIFT_ASSET_SYMBOL_EXTENSIONS = YES;
				CLANG_ANALYZER_NONNULL = YES;
				CLANG_ANALYZER_NUMBER_OBJECT_CONVERSION = YES_AGGRESSIVE;
				CLANG_CXX_LANGUAGE_STANDARD = "gnu++20";
				CLANG_ENABLE_MODULES = YES;
				CLANG_ENABLE_OBJC_ARC = YES;
				CLANG_ENABLE_OBJC_WEAK = YES;
				CLANG_WARN_BLOCK_CAPTURE_AUTORELEASING = YES;
				CLANG_WARN_BOOL_CONVERSION = YES;
				CLANG_WARN_COMMA = YES;
				CLANG_WARN_CONSTANT_CONVERSION = YES;
				CLANG_WARN_DEPRECATED_OBJC_IMPLEMENTATIONS = YES;
				CLANG_WARN_DIRECT_OBJC_ISA_USAGE = YES_ERROR;
				CLANG_WARN_DOCUMENTATION_COMMENTS = YES;
				CLANG_WARN_EMPTY_BODY = YES;
				CLANG_WARN_ENUM_CONVERSION = YES;
				CLANG_WARN_INFINITE_RECURSION = YES;
				CLANG_WARN_INT_CONVERSION = YES;
				CLANG_WARN_NON_LITERAL_NULL_CONVERSION = YES;
				CLANG_WARN_OBJC_IMPLICIT_RETAIN_SELF = YES;
				CLANG_WARN_OBJC_LITERAL_CONVERSION = YES;
				CLANG_WARN_OBJC_ROOT_CLASS = YES_ERROR;
				CLANG_WARN_QUOTED_INCLUDE_IN_FRAMEWORK_HEADER = YES;
				CLANG_WARN_RANGE_LOOP_ANALYSIS = YES;
				CLANG_WARN_STRICT_PROTOTYPES = YES;
				CLANG_WARN_SUSPICIOUS_MOVE = YES;
				CLANG_WARN_UNGUARDED_AVAILABILITY = YES_AGGRESSIVE;
				CLANG_WARN_UNREACHABLE_CODE = YES;
				CLANG_WARN__DUPLICATE_METHOD_MATCH = YES;
				COPY_PHASE_STRIP = NO;
				DEBUG_INFORMATION_FORMAT = "dwarf-with-dsym";
				ENABLE_NS_ASSERTIONS = NO;
				ENABLE_STRICT_OBJC_MSGSEND = YES;
				ENABLE_USER_SCRIPT_SANDBOXING = YES;
				GCC_C_LANGUAGE_STANDARD = gnu17;
				GCC_NO_COMMON_BLOCKS = YES;
				GCC_WARN_64_TO_32_BIT_CONVERSION = YES;
				GCC_WARN_ABOUT_RETURN_TYPE = YES_ERROR;
				GCC_WARN_UNDECLARED_SELECTOR = YES;
				GCC_WARN_UNINITIALIZED_AUTOS = YES_AGGRESSIVE;
				GCC_WARN_UNUSED_FUNCTION = YES;
				GCC_WARN_UNUSED_VARIABLE = YES;
				IPHONEOS_DEPLOYMENT_TARGET = 17.5;
				LOCALIZATION_PREFERS_STRING_CATALOGS = YES;
				MTL_ENABLE_DEBUG_INFO = NO;
				MTL_FAST_MATH = YES;
				SDKROOT = iphoneos;
				SWIFT_COMPILATION_MODE = wholemodule;
				VALIDATE_PRODUCT = YES;
			};
			name = Release;
		};
		9B937B5A2CC8477500D7C74C /* Debug */ = {
			isa = XCBuildConfiguration;
			buildSettings = {
				ASSETCATALOG_COMPILER_APPICON_NAME = AppIcon;
				ASSETCATALOG_COMPILER_GLOBAL_ACCENT_COLOR_NAME = AccentColor;
				CODE_SIGN_STYLE = Automatic;
				CURRENT_PROJECT_VERSION = 1;
				DEVELOPMENT_ASSET_PATHS = "\"Solitaire/Preview Content\"";
				DEVELOPMENT_TEAM = "";
				ENABLE_PREVIEWS = YES;
				GENERATE_INFOPLIST_FILE = YES;
				INFOPLIST_KEY_UIApplicationSceneManifest_Generation = YES;
				INFOPLIST_KEY_UIApplicationSupportsIndirectInputEvents = YES;
				INFOPLIST_KEY_UILaunchScreen_Generation = YES;
				INFOPLIST_KEY_UISupportedInterfaceOrientations_iPad = "UIInterfaceOrientationPortrait UIInterfaceOrientationPortraitUpsideDown UIInterfaceOrientationLandscapeLeft UIInterfaceOrientationLandscapeRight";
				INFOPLIST_KEY_UISupportedInterfaceOrientations_iPhone = "UIInterfaceOrientationPortrait UIInterfaceOrientationLandscapeLeft UIInterfaceOrientationLandscapeRight";
				LD_RUNPATH_SEARCH_PATHS = (
					"$(inherited)",
					"@executable_path/Frameworks",
				);
				MARKETING_VERSION = 1.0;
				PRODUCT_BUNDLE_IDENTIFIER = psun.Solitaire;
				PRODUCT_NAME = "$(TARGET_NAME)";
				SWIFT_EMIT_LOC_STRINGS = YES;
				SWIFT_VERSION = 5.0;
				TARGETED_DEVICE_FAMILY = "1,2";
			};
			name = Debug;
		};
		9B937B5B2CC8477500D7C74C /* Release */ = {
			isa = XCBuildConfiguration;
			buildSettings = {
				ASSETCATALOG_COMPILER_APPICON_NAME = AppIcon;
				ASSETCATALOG_COMPILER_GLOBAL_ACCENT_COLOR_NAME = AccentColor;
				CODE_SIGN_STYLE = Automatic;
				CURRENT_PROJECT_VERSION = 1;
				DEVELOPMENT_ASSET_PATHS = "\"Solitaire/Preview Content\"";
				DEVELOPMENT_TEAM = "";
				ENABLE_PREVIEWS = YES;
				GENERATE_INFOPLIST_FILE = YES;
				INFOPLIST_KEY_UIApplicationSceneManifest_Generation = YES;
				INFOPLIST_KEY_UIApplicationSupportsIndirectInputEvents = YES;
				INFOPLIST_KEY_UILaunchScreen_Generation = YES;
				INFOPLIST_KEY_UISupportedInterfaceOrientations_iPad = "UIInterfaceOrientationPortrait UIInterfaceOrientationPortraitUpsideDown UIInterfaceOrientationLandscapeLeft UIInterfaceOrientationLandscapeRight";
				INFOPLIST_KEY_UISupportedInterfaceOrientations_iPhone = "UIInterfaceOrientationPortrait UIInterfaceOrientationLandscapeLeft UIInterfaceOrientationLandscapeRight";
				LD_RUNPATH_SEARCH_PATHS = (
					"$(inherited)",
					"@executable_path/Frameworks",
				);
				MARKETING_VERSION = 1.0;
				PRODUCT_BUNDLE_IDENTIFIER = psun.Solitaire;
				PRODUCT_NAME = "$(TARGET_NAME)";
				SWIFT_EMIT_LOC_STRINGS = YES;
				SWIFT_VERSION = 5.0;
				TARGETED_DEVICE_FAMILY = "1,2";
			};
			name = Release;
		};
		9B937B5D2CC8477500D7C74C /* Debug */ = {
			isa = XCBuildConfiguration;
			buildSettings = {
				ALWAYS_EMBED_SWIFT_STANDARD_LIBRARIES = YES;
				BUNDLE_LOADER = "$(TEST_HOST)";
				CODE_SIGN_STYLE = Automatic;
				CURRENT_PROJECT_VERSION = 1;
				DEVELOPMENT_TEAM = "";
				GENERATE_INFOPLIST_FILE = YES;
				IPHONEOS_DEPLOYMENT_TARGET = 17.5;
				MARKETING_VERSION = 1.0;
				PRODUCT_BUNDLE_IDENTIFIER = psun.SolitaireTests;
				PRODUCT_NAME = "$(TARGET_NAME)";
				SWIFT_EMIT_LOC_STRINGS = NO;
				SWIFT_VERSION = 5.0;
				TARGETED_DEVICE_FAMILY = "1,2";
				TEST_HOST = "$(BUILT_PRODUCTS_DIR)/Solitaire.app/$(BUNDLE_EXECUTABLE_FOLDER_PATH)/Solitaire";
			};
			name = Debug;
		};
		9B937B5E2CC8477500D7C74C /* Release */ = {
			isa = XCBuildConfiguration;
			buildSettings = {
				ALWAYS_EMBED_SWIFT_STANDARD_LIBRARIES = YES;
				BUNDLE_LOADER = "$(TEST_HOST)";
				CODE_SIGN_STYLE = Automatic;
				CURRENT_PROJECT_VERSION = 1;
				DEVELOPMENT_TEAM = "";
				GENERATE_INFOPLIST_FILE = YES;
				IPHONEOS_DEPLOYMENT_TARGET = 17.5;
				MARKETING_VERSION = 1.0;
				PRODUCT_BUNDLE_IDENTIFIER = psun.SolitaireTests;
				PRODUCT_NAME = "$(TARGET_NAME)";
				SWIFT_EMIT_LOC_STRINGS = NO;
				SWIFT_VERSION = 5.0;
				TARGETED_DEVICE_FAMILY = "1,2";
				TEST_HOST = "$(BUILT_PRODUCTS_DIR)/Solitaire.app/$(BUNDLE_EXECUTABLE_FOLDER_PATH)/Solitaire";
			};
			name = Release;
		};
		9B937B602CC8477500D7C74C /* Debug */ = {
			isa = XCBuildConfiguration;
			buildSettings = {
				ALWAYS_EMBED_SWIFT_STANDARD_LIBRARIES = YES;
				CODE_SIGN_STYLE = Automatic;
				CURRENT_PROJECT_VERSION = 1;
				DEVELOPMENT_TEAM = "";
				GENERATE_INFOPLIST_FILE = YES;
				MARKETING_VERSION = 1.0;
				PRODUCT_BUNDLE_IDENTIFIER = psun.SolitaireUITests;
				PRODUCT_NAME = "$(TARGET_NAME)";
				SWIFT_EMIT_LOC_STRINGS = NO;
				SWIFT_VERSION = 5.0;
				TARGETED_DEVICE_FAMILY = "1,2";
				TEST_TARGET_NAME = Solitaire;
			};
			name = Debug;
		};
		9B937B612CC8477500D7C74C /* Release */ = {
			isa = XCBuildConfiguration;
			buildSettings = {
				ALWAYS_EMBED_SWIFT_STANDARD_LIBRARIES = YES;
				CODE_SIGN_STYLE = Automatic;
				CURRENT_PROJECT_VERSION = 1;
				DEVELOPMENT_TEAM = "";
				GENERATE_INFOPLIST_FILE = YES;
				MARKETING_VERSION = 1.0;
				PRODUCT_BUNDLE_IDENTIFIER = psun.SolitaireUITests;
				PRODUCT_NAME = "$(TARGET_NAME)";
				SWIFT_EMIT_LOC_STRINGS = NO;
				SWIFT_VERSION = 5.0;
				TARGETED_DEVICE_FAMILY = "1,2";
				TEST_TARGET_NAME = Solitaire;
			};
			name = Release;
		};
/* End XCBuildConfiguration section */

/* Begin XCConfigurationList section */
		9B937B302CC8477400D7C74C /* Build configuration list for PBXProject "Solitaire" */ = {
			isa = XCConfigurationList;
			buildConfigurations = (
				9B937B572CC8477500D7C74C /* Debug */,
				9B937B582CC8477500D7C74C /* Release */,
			);
			defaultConfigurationIsVisible = 0;
			defaultConfigurationName = Release;
		};
		9B937B592CC8477500D7C74C /* Build configuration list for PBXNativeTarget "Solitaire" */ = {
			isa = XCConfigurationList;
			buildConfigurations = (
				9B937B5A2CC8477500D7C74C /* Debug */,
				9B937B5B2CC8477500D7C74C /* Release */,
			);
			defaultConfigurationIsVisible = 0;
			defaultConfigurationName = Release;
		};
		9B937B5C2CC8477500D7C74C /* Build configuration list for PBXNativeTarget "SolitaireTests" */ = {
			isa = XCConfigurationList;
			buildConfigurations = (
				9B937B5D2CC8477500D7C74C /* Debug */,
				9B937B5E2CC8477500D7C74C /* Release */,
			);
			defaultConfigurationIsVisible = 0;
			defaultConfigurationName = Release;
		};
		9B937B5F2CC8477500D7C74C /* Build configuration list for PBXNativeTarget "SolitaireUITests" */ = {
			isa = XCConfigurationList;
			buildConfigurations = (
				9B937B602CC8477500D7C74C /* Debug */,
				9B937B612CC8477500D7C74C /* Release */,
			);
			defaultConfigurationIsVisible = 0;
			defaultConfigurationName = Release;
		};
/* End XCConfigurationList section */
	};
	rootObject = 9B937B2D2CC8477400D7C74C /* Project object */;
}
